
Microsoft Visual Studio Solution File, Format Version 12.00
# Visual Studio Version 17
VisualStudioVersion = 17.0.31512.422
MinimumVisualStudioVersion = 10.0.40219.1
Project("{9A19103F-16F7-4668-BE54-9A1E7A4F7556}") = "SDKBrowserMaui", "SDKBrowserMaui.csproj", "{F6A8057E-36D6-4AAA-A0C0-84A575F334FC}"
EndProject
Global
	GlobalSection(SolutionConfigurationPlatforms) = preSolution
		Debug|Any CPU = Debug|Any CPU
		Release|Any CPU = Release|Any CPU
	EndGlobalSection
	GlobalSection(ProjectConfigurationPlatforms) = postSolution
		{F6A8057E-36D6-4AAA-A0C0-84A575F334FC}.Debug|Any CPU.ActiveCfg = Debug|Any CPU
		{F6A8057E-36D6-4AAA-A0C0-84A575F334FC}.Debug|Any CPU.Build.0 = Debug|Any CPU
		{F6A8057E-36D6-4AAA-A0C0-84A575F334FC}.Debug|Any CPU.Deploy.0 = Debug|Any CPU
		{F6A8057E-36D6-4AAA-A0C0-84A575F334FC}.Release|Any CPU.ActiveCfg = Release|Any CPU
		{F6A8057E-36D6-4AAA-A0C0-84A575F334FC}.Release|Any CPU.Build.0 = Release|Any CPU
		{F6A8057E-36D6-4AAA-A0C0-84A575F334FC}.Release|Any CPU.Deploy.0 = Release|Any CPU
	EndGlobalSection
	GlobalSection(SolutionProperties) = preSolution
		HideSolutionNode = FALSE
	EndGlobalSection
	GlobalSection(ExtensibilityGlobals) = postSolution
		SolutionGuid = {61F7FB11-1E47-470C-91E2-47F8143E1572}
	EndGlobalSection
EndGlobal
